{
  "name": "cape-js",
  "version": "0.0.0",
  "lockfileVersion": 2,
  "requires": true,
  "packages": {
    "": {
      "name": "cape-js",
      "version": "0.0.0",
      "workspaces": [
        "packages/core",
        "packages/browser"
      ]
    },
    "node_modules/browser": {
      "resolved": "packages/browser",
      "link": true
    },
    "node_modules/core": {
      "resolved": "packages/core",
      "link": true
    },
    "packages/browser": {
      "version": "1.0.0",
      "license": "ISC",
      "devDependencies": {}
    },
    "packages/core": {
      "version": "1.0.0",
      "license": "ISC",
      "devDependencies": {}
    }
  },
  "dependencies": {
    "browser": {
      "version": "file:packages/browser"
    },
    "core": {
      "version": "file:packages/core"
    }
  }
}
